// !$*UTF8*$!
{
	archiveVersion = 1;
	classes = {
	};
	objectVersion = 50;
	objects = {

/* Begin PBXBuildFile section */
		FABBB9A0238021A000379C9C /* AppDelegate.swift in Sources */ = {isa = PBXBuildFile; fileRef = FABBB99F238021A000379C9C /* AppDelegate.swift */; };
		FABBB9A2238021A000379C9C /* SceneDelegate.swift in Sources */ = {isa = PBXBuildFile; fileRef = FABBB9A1238021A000379C9C /* SceneDelegate.swift */; };
		FABBB9A9238021A500379C9C /* Assets.xcassets in Resources */ = {isa = PBXBuildFile; fileRef = FABBB9A8238021A500379C9C /* Assets.xcassets */; };
		FABBB9AC238021A500379C9C /* LaunchScreen.storyboard in Resources */ = {isa = PBXBuildFile; fileRef = FABBB9AA238021A500379C9C /* LaunchScreen.storyboard */; };
		FABBB9B523802F6200379C9C /* DisplayUIControls.storyboard in Resources */ = {isa = PBXBuildFile; fileRef = FABBB9B323802F6200379C9C /* DisplayUIControls.storyboard */; };
		FABBB9B7238038EF00379C9C /* DisplayUIControlsViewController.swift in Sources */ = {isa = PBXBuildFile; fileRef = FABBB9B6238038EF00379C9C /* DisplayUIControlsViewController.swift */; };
/* End PBXBuildFile section */

/* Begin PBXFileReference section */
		FABBB99C238021A000379C9C /* iOS_4_UIKit.app */ = {isa = PBXFileReference; explicitFileType = wrapper.application; includeInIndex = 0; path = iOS_4_UIKit.app; sourceTree = BUILT_PRODUCTS_DIR; };
		FABBB99F238021A000379C9C /* AppDelegate.swift */ = {isa = PBXFileReference; lastKnownFileType = sourcecode.swift; path = AppDelegate.swift; sourceTree = "<group>"; };
		FABBB9A1238021A000379C9C /* SceneDelegate.swift */ = {isa = PBXFileReference; lastKnownFileType = sourcecode.swift; path = SceneDelegate.swift; sourceTree = "<group>"; };
		FABBB9A8238021A500379C9C /* Assets.xcassets */ = {isa = PBXFileReference; lastKnownFileType = folder.assetcatalog; path = Assets.xcassets; sourceTree = "<group>"; };
		FABBB9AB238021A500379C9C /* Base */ = {isa = PBXFileReference; lastKnownFileType = file.storyboard; name = Base; path = Base.lproj/LaunchScreen.storyboard; sourceTree = "<group>"; };
		FABBB9AD238021A500379C9C /* Info.plist */ = {isa = PBXFileReference; lastKnownFileType = text.plist.xml; path = Info.plist; sourceTree = "<group>"; };
		FABBB9B423802F6200379C9C /* Base */ = {isa = PBXFileReference; lastKnownFileType = file.storyboard; name = Base; path = Base.lproj/DisplayUIControls.storyboard; sourceTree = "<group>"; };
		FABBB9B6238038EF00379C9C /* DisplayUIControlsViewController.swift */ = {isa = PBXFileReference; lastKnownFileType = sourcecode.swift; path = DisplayUIControlsViewController.swift; sourceTree = "<group>"; };
/* End PBXFileReference section */

/* Begin PBXFrameworksBuildPhase section */
		FABBB999238021A000379C9C /* Frameworks */ = {
			isa = PBXFrameworksBuildPhase;
			buildActionMask = 2147483647;
			files = (
			);
			runOnlyForDeploymentPostprocessing = 0;
		};
/* End PBXFrameworksBuildPhase section */

/* Begin PBXGroup section */
		FABBB993238021A000379C9C = {
			isa = PBXGroup;
			children = (
				FABBB99E238021A000379C9C /* iOS_4_UIKit */,
				FABBB99D238021A000379C9C /* Products */,
			);
			sourceTree = "<group>";
		};
		FABBB99D238021A000379C9C /* Products */ = {
			isa = PBXGroup;
			children = (
				FABBB99C238021A000379C9C /* iOS_4_UIKit.app */,
			);
			name = Products;
			sourceTree = "<group>";
		};
		FABBB99E238021A000379C9C /* iOS_4_UIKit */ = {
			isa = PBXGroup;
			children = (
				FABBB99F238021A000379C9C /* AppDelegate.swift */,
				FABBB9B6238038EF00379C9C /* DisplayUIControlsViewController.swift */,
				FABBB9A1238021A000379C9C /* SceneDelegate.swift */,
				FABBB9B323802F6200379C9C /* DisplayUIControls.storyboard */,
				FABBB9A8238021A500379C9C /* Assets.xcassets */,
				FABBB9AA238021A500379C9C /* LaunchScreen.storyboard */,
				FABBB9AD238021A500379C9C /* Info.plist */,
			);
			path = iOS_4_UIKit;
			sourceTree = "<group>";
		};
/* End PBXGroup section */

/* Begin PBXNativeTarget section */
		FABBB99B238021A000379C9C /* iOS_4_UIKit */ = {
			isa = PBXNativeTarget;
			buildConfigurationList = FABBB9B0238021A500379C9C /* Build configuration list for PBXNativeTarget "iOS_4_UIKit" */;
			buildPhases = (
				FABBB998238021A000379C9C /* Sources */,
				FABBB999238021A000379C9C /* Frameworks */,
				FABBB99A238021A000379C9C /* Resources */,
			);
			buildRules = (
			);
			dependencies = (
			);
			name = iOS_4_UIKit;
			productName = iOS_4_UIKit;
			productReference = FABBB99C238021A000379C9C /* iOS_4_UIKit.app */;
			productType = "com.apple.product-type.application";
		};
/* End PBXNativeTarget section */

/* Begin PBXProject section */
		FABBB994238021A000379C9C /* Project object */ = {
			isa = PBXProject;
			attributes = {
				LastSwiftUpdateCheck = 1120;
				LastUpgradeCheck = 1120;
				ORGANIZATIONNAME = "Stanford University";
				TargetAttributes = {
					FABBB99B238021A000379C9C = {
						CreatedOnToolsVersion = 11.2.1;
					};
				};
			};
			buildConfigurationList = FABBB997238021A000379C9C /* Build configuration list for PBXProject "iOS_4_UIKit" */;
			compatibilityVersion = "Xcode 9.3";
			developmentRegion = en;
			hasScannedForEncodings = 0;
			knownRegions = (
				en,
				Base,
			);
			mainGroup = FABBB993238021A000379C9C;
			productRefGroup = FABBB99D238021A000379C9C /* Products */;
			projectDirPath = "";
			projectRoot = "";
			targets = (
				FABBB99B238021A000379C9C /* iOS_4_UIKit */,
			);
		};
/* End PBXProject section */

/* Begin PBXResourcesBuildPhase section */
		FABBB99A238021A000379C9C /* Resources */ = {
			isa = PBXResourcesBuildPhase;
			buildActionMask = 2147483647;
			files = (
				FABBB9AC238021A500379C9C /* LaunchScreen.storyboard in Resources */,
				FABBB9B523802F6200379C9C /* DisplayUIControls.storyboard in Resources */,
				FABBB9A9238021A500379C9C /* Assets.xcassets in Resources */,
			);
			runOnlyForDeploymentPostprocessing = 0;
		};
/* End PBXResourcesBuildPhase section */

/* Begin PBXSourcesBuildPhase section */
		FABBB998238021A000379C9C /* Sources */ = {
			isa = PBXSourcesBuildPhase;
			buildActionMask = 2147483647;
			files = (
				FABBB9A0238021A000379C9C /* AppDelegate.swift in Sources */,
				FABBB9A2238021A000379C9C /* SceneDelegate.swift in Sources */,
				FABBB9B7238038EF00379C9C /* DisplayUIControlsViewController.swift in Sources */,
			);
			runOnlyForDeploymentPostprocessing = 0;
		};
/* End PBXSourcesBuildPhase section */

/* Begin PBXVariantGroup section */
		FABBB9AA238021A500379C9C /* LaunchScreen.storyboard */ = {
			isa = PBXVariantGroup;
			children = (
				FABBB9AB238021A500379C9C /* Base */,
			);
			name = LaunchScreen.storyboard;
			sourceTree = "<group>";
		};
		FABBB9B323802F6200379C9C /* DisplayUIControls.storyboard */ = {
			isa = PBXVariantGroup;
			children = (
				FABBB9B423802F6200379C9C /* Base */,
			);
			name = DisplayUIControls.storyboard;
			sourceTree = "<group>";
		};
/* End PBXVariantGroup section */

/* Begin XCBuildConfiguration section */
		FABBB9AE238021A500379C9C /* Debug */ = {
			isa = XCBuildConfiguration;
			buildSettings = {
				ALWAYS_SEARCH_USER_PATHS = NO;
				CLANG_ANALYZER_NONNULL = YES;
				CLANG_ANALYZER_NUMBER_OBJECT_CONVERSION = YES_AGGRESSIVE;
				CLANG_CXX_LANGUAGE_STANDARD = "gnu++14";
				CLANG_CXX_LIBRARY = "libc++";
				CLANG_ENABLE_MODULES = YES;
				CLANG_ENABLE_OBJC_ARC = YES;
				CLANG_ENABLE_OBJC_WEAK = YES;
				CLANG_WARN_BLOCK_CAPTURE_AUTORELEASING = YES;
				CLANG_WARN_BOOL_CONVERSION = YES;
				CLANG_WARN_COMMA = YES;
				CLANG_WARN_CONSTANT_CONVERSION = YES;
				CLANG_WARN_DEPRECATED_OBJC_IMPLEMENTATIONS = YES;
				CLANG_WARN_DIRECT_OBJC_ISA_USAGE = YES_ERROR;
				CLANG_WARN_DOCUMENTATION_COMMENTS = YES;
				CLANG_WARN_EMPTY_BODY = YES;
				CLANG_WARN_ENUM_CONVERSION = YES;
				CLANG_WARN_INFINITE_RECURSION = YES;
				CLANG_WARN_INT_CONVERSION = YES;
				CLANG_WARN_NON_LITERAL_NULL_CONVERSION = YES;
				CLANG_WARN_OBJC_IMPLICIT_RETAIN_SELF = YES;
				CLANG_WARN_OBJC_LITERAL_CONVERSION = YES;
				CLANG_WARN_OBJC_ROOT_CLASS = YES_ERROR;
				CLANG_WARN_RANGE_LOOP_ANALYSIS = YES;
				CLANG_WARN_STRICT_PROTOTYPES = YES;
				CLANG_WARN_SUSPICIOUS_MOVE = YES;
				CLANG_WARN_UNGUARDED_AVAILABILITY = YES_AGGRESSIVE;
				CLANG_WARN_UNREACHABLE_CODE = YES;
				CLANG_WARN__DUPLICATE_METHOD_MATCH = YES;
				COPY_PHASE_STRIP = NO;
				DEBUG_INFORMATION_FORMAT = dwarf;
				ENABLE_STRICT_OBJC_MSGSEND = YES;
				ENABLE_TESTABILITY = YES;
				GCC_C_LANGUAGE_STANDARD = gnu11;
				GCC_DYNAMIC_NO_PIC = NO;
				GCC_NO_COMMON_BLOCKS = YES;
				GCC_OPTIMIZATION_LEVEL = 0;
				GCC_PREPROCESSOR_DEFINITIONS = (
					"DEBUG=1",
					"$(inherited)",
				);
				GCC_WARN_64_TO_32_BIT_CONVERSION = YES;
				GCC_WARN_ABOUT_RETURN_TYPE = YES_ERROR;
				GCC_WARN_UNDECLARED_SELECTOR = YES;
				GCC_WARN_UNINITIALIZED_AUTOS = YES_AGGRESSIVE;
				GCC_WARN_UNUSED_FUNCTION = YES;
				GCC_WARN_UNUSED_VARIABLE = YES;
				IPHONEOS_DEPLOYMENT_TARGET = 13.2;
				MTL_ENABLE_DEBUG_INFO = INCLUDE_SOURCE;
				MTL_FAST_MATH = YES;
				ONLY_ACTIVE_ARCH = YES;
				SDKROOT = iphoneos;
				SWIFT_ACTIVE_COMPILATION_CONDITIONS = DEBUG;
				SWIFT_OPTIMIZATION_LEVEL = "-Onone";
			};
			name = Debug;
		};
		FABBB9AF238021A500379C9C /* Release */ = {
			isa = XCBuildConfiguration;
			buildSettings = {
				ALWAYS_SEARCH_USER_PATHS = NO;
				CLANG_ANALYZER_NONNULL = YES;
				CLANG_ANALYZER_NUMBER_OBJECT_CONVERSION = YES_AGGRESSIVE;
				CLANG_CXX_LANGUAGE_STANDARD = "gnu++14";
				CLANG_CXX_LIBRARY = "libc++";
				CLANG_ENABLE_MODULES = YES;
				CLANG_ENABLE_OBJC_ARC = YES;
				CLANG_ENABLE_OBJC_WEAK = YES;
				CLANG_WARN_BLOCK_CAPTURE_AUTORELEASING = YES;
				CLANG_WARN_BOOL_CONVERSION = YES;
				CLANG_WARN_COMMA = YES;
				CLANG_WARN_CONSTANT_CONVERSION = YES;
				CLANG_WARN_DEPRECATED_OBJC_IMPLEMENTATIONS = YES;
				CLANG_WARN_DIRECT_OBJC_ISA_USAGE = YES_ERROR;
				CLANG_WARN_DOCUMENTATION_COMMENTS = YES;
				CLANG_WARN_EMPTY_BODY = YES;
				CLANG_WARN_ENUM_CONVERSION = YES;
				CLANG_WARN_INFINITE_RECURSION = YES;
				CLANG_WARN_INT_CONVERSION = YES;
				CLANG_WARN_NON_LITERAL_NULL_CONVERSION = YES;
				CLANG_WARN_OBJC_IMPLICIT_RETAIN_SELF = YES;
				CLANG_WARN_OBJC_LITERAL_CONVERSION = YES;
				CLANG_WARN_OBJC_ROOT_CLASS = YES_ERROR;
				CLANG_WARN_RANGE_LOOP_ANALYSIS = YES;
				CLANG_WARN_STRICT_PROTOTYPES = YES;
				CLANG_WARN_SUSPICIOUS_MOVE = YES;
				CLANG_WARN_UNGUARDED_AVAILABILITY = YES_AGGRESSIVE;
				CLANG_WARN_UNREACHABLE_CODE = YES;
				CLANG_WARN__DUPLICATE_METHOD_MATCH = YES;
				COPY_PHASE_STRIP = NO;
				DEBUG_INFORMATION_FORMAT = "dwarf-with-dsym";
				ENABLE_NS_ASSERTIONS = NO;
				ENABLE_STRICT_OBJC_MSGSEND = YES;
				GCC_C_LANGUAGE_STANDARD = gnu11;
				GCC_NO_COMMON_BLOCKS = YES;
				GCC_WARN_64_TO_32_BIT_CONVERSION = YES;
				GCC_WARN_ABOUT_RETURN_TYPE = YES_ERROR;
				GCC_WARN_UNDECLARED_SELECTOR = YES;
				GCC_WARN_UNINITIALIZED_AUTOS = YES_AGGRESSIVE;
				GCC_WARN_UNUSED_FUNCTION = YES;
				GCC_WARN_UNUSED_VARIABLE = YES;
				IPHONEOS_DEPLOYMENT_TARGET = 13.2;
				MTL_ENABLE_DEBUG_INFO = NO;
				MTL_FAST_MATH = YES;
				SDKROOT = iphoneos;
				SWIFT_COMPILATION_MODE = wholemodule;
				SWIFT_OPTIMIZATION_LEVEL = "-O";
				VALIDATE_PRODUCT = YES;
			};
			name = Release;
		};
		FABBB9B1238021A500379C9C /* Debug */ = {
			isa = XCBuildConfiguration;
			buildSettings = {
				ASSETCATALOG_COMPILER_APPICON_NAME = AppIcon;
				CODE_SIGN_STYLE = Automatic;
				DEVELOPMENT_TEAM = PABPB54293;
				INFOPLIST_FILE = iOS_4_UIKit/Info.plist;
				LD_RUNPATH_SEARCH_PATHS = (
					"$(inherited)",
					"@executable_path/Frameworks",
				);
				PRODUCT_BUNDLE_IDENTIFIER = "anscorp.lecture.iOS-4-UIKit";
				PRODUCT_NAME = "$(TARGET_NAME)";
				SWIFT_VERSION = 5.0;
				TARGETED_DEVICE_FAMILY = "1,2";
			};
			name = Debug;
		};
		FABBB9B2238021A500379C9C /* Release */ = {
			isa = XCBuildConfiguration;
			buildSettings = {
				ASSETCATALOG_COMPILER_APPICON_NAME = AppIcon;
				CODE_SIGN_STYLE = Automatic;
				DEVELOPMENT_TEAM = PABPB54293;
				INFOPLIST_FILE = iOS_4_UIKit/Info.plist;
				LD_RUNPATH_SEARCH_PATHS = (
					"$(inherited)",
					"@executable_path/Frameworks",
				);
				PRODUCT_BUNDLE_IDENTIFIER = "anscorp.lecture.iOS-4-UIKit";
				PRODUCT_NAME = "$(TARGET_NAME)";
				SWIFT_VERSION = 5.0;
				TARGETED_DEVICE_FAMILY = "1,2";
			};
			name = Release;
		};
/* End XCBuildConfiguration section */

/* Begin XCConfigurationList section */
		FABBB997238021A000379C9C /* Build configuration list for PBXProject "iOS_4_UIKit" */ = {
			isa = XCConfigurationList;
			buildConfigurations = (
				FABBB9AE238021A500379C9C /* Debug */,
				FABBB9AF238021A500379C9C /* Release */,
			);
			defaultConfigurationIsVisible = 0;
			defaultConfigurationName = Release;
		};
		FABBB9B0238021A500379C9C /* Build configuration list for PBXNativeTarget "iOS_4_UIKit" */ = {
			isa = XCConfigurationList;
			buildConfigurations = (
				FABBB9B1238021A500379C9C /* Debug */,
				FABBB9B2238021A500379C9C /* Release */,
			);
			defaultConfigurationIsVisible = 0;
			defaultConfigurationName = Release;
		};
/* End XCConfigurationList section */
	};
	rootObject = FABBB994238021A000379C9C /* Project object */;
}
